
Microsoft Visual Studio Solution File, Format Version 12.00
# Visual Studio Version 17
VisualStudioVersion = 17.13.35818.85 d17.13
MinimumVisualStudioVersion = 10.0.40219.1
Project("{FAE04EC0-301F-11D3-BF4B-00C04F79EFBC}") = "StudentCourseAPI", "StudentCourseAPI.csproj", "{65DC8B2C-397F-430C-A80E-A01CBDA2DF56}"
EndProject
Global
	GlobalSection(SolutionConfigurationPlatforms) = preSolution
		Debug|Any CPU = Debug|Any CPU
		Release|Any CPU = Release|Any CPU
	EndGlobalSection
	GlobalSection(ProjectConfigurationPlatforms) = postSolution
		{65DC8B2C-397F-430C-A80E-A01CBDA2DF56}.Debug|Any CPU.ActiveCfg = Debug|Any CPU
		{65DC8B2C-397F-430C-A80E-A01CBDA2DF56}.Debug|Any CPU.Build.0 = Debug|Any CPU
		{65DC8B2C-397F-430C-A80E-A01CBDA2DF56}.Release|Any CPU.ActiveCfg = Release|Any CPU
		{65DC8B2C-397F-430C-A80E-A01CBDA2DF56}.Release|Any CPU.Build.0 = Release|Any CPU
	EndGlobalSection
	GlobalSection(SolutionProperties) = preSolution
		HideSolutionNode = FALSE
	EndGlobalSection
	GlobalSection(ExtensibilityGlobals) = postSolution
		SolutionGuid = {0E4CCC77-0B36-45D2-8E90-01876349EE3B}
	EndGlobalSection
EndGlobal
